PODS:
  - Flutter (1.0.0)
  - flutter_pd (0.0.1):
    - Flutter
    - libpd-ios (~> 0.11)
  - libpd-ios (0.11.0)

DEPENDENCIES:
  - Flutter (from `Flutter`)
  - flutter_pd (from `.symlinks/plugins/flutter_pd/ios`)

SPEC REPOS:
  trunk:
    - libpd-ios

EXTERNAL SOURCES:
  Flutter:
    :path: Flutter
  flutter_pd:
    :path: ".symlinks/plugins/flutter_pd/ios"

SPEC CHECKSUMS:
  Flutter: 0e3d915762c693b495b44d77113d4970485de6ec
  flutter_pd: f31fb8d4fcc324a91c4aa938b8d0a29a85c71510
  libpd-ios: cb16ca46e779df2a3479d281e5e4726735e451ca

PODFILE CHECKSUM: aafe91acc616949ddb318b77800a7f51bffa2a4c

COCOAPODS: 1.9.1
