PODS:
  - Flutter (1.0.0)
  - flutter_pd (0.0.1):
    - Flutter

DEPENDENCIES:
  - Flutter (from `Flutter`)
  - flutter_pd (from `.symlinks/plugins/flutter_pd/ios`)

EXTERNAL SOURCES:
  Flutter:
    :path: Flutter
  flutter_pd:
    :path: ".symlinks/plugins/flutter_pd/ios"

SPEC CHECKSUMS:
  Flutter: 0e3d915762c693b495b44d77113d4970485de6ec
  flutter_pd: 5b0b0dea8267a5b636546c15694837450ac46ee5

PODFILE CHECKSUM: aafe91acc616949ddb318b77800a7f51bffa2a4c

COCOAPODS: 1.9.3
